// !$*UTF8*$!
{
	archiveVersion = 1;
	classes = {
	};
	objectVersion = 48;
	objects = {

/* Begin PBXBuildFile section */
		B11ECA3A2020B7E40021D2E5 /* AppDelegate.swift in Sources */ = {isa = PBXBuildFile; fileRef = B11ECA392020B7E40021D2E5 /* AppDelegate.swift */; };
		B11ECA3F2020B7E40021D2E5 /* Main.storyboard in Resources */ = {isa = PBXBuildFile; fileRef = B11ECA3D2020B7E40021D2E5 /* Main.storyboard */; };
		B11ECA412020B7E40021D2E5 /* Assets.xcassets in Resources */ = {isa = PBXBuildFile; fileRef = B11ECA402020B7E40021D2E5 /* Assets.xcassets */; };
		B11ECA442020B7E40021D2E5 /* LaunchScreen.storyboard in Resources */ = {isa = PBXBuildFile; fileRef = B11ECA422020B7E40021D2E5 /* LaunchScreen.storyboard */; };
		B11ECA4D2020B8FB0021D2E5 /* ImageViewController.swift in Sources */ = {isa = PBXBuildFile; fileRef = B11ECA4C2020B8FB0021D2E5 /* ImageViewController.swift */; };
		B11ECA4F2020CECB0021D2E5 /* DemoURLs.swift in Sources */ = {isa = PBXBuildFile; fileRef = B11ECA4E2020CECB0021D2E5 /* DemoURLs.swift */; };
		B11ECA512020F8840021D2E5 /* CassiniViewController.swift in Sources */ = {isa = PBXBuildFile; fileRef = B11ECA502020F8840021D2E5 /* CassiniViewController.swift */; };
/* End PBXBuildFile section */

/* Begin PBXFileReference section */
		B11ECA362020B7E40021D2E5 /* Cassini-11-2017.app */ = {isa = PBXFileReference; explicitFileType = wrapper.application; includeInIndex = 0; path = "Cassini-11-2017.app"; sourceTree = BUILT_PRODUCTS_DIR; };
		B11ECA392020B7E40021D2E5 /* AppDelegate.swift */ = {isa = PBXFileReference; lastKnownFileType = sourcecode.swift; path = AppDelegate.swift; sourceTree = "<group>"; };
		B11ECA3E2020B7E40021D2E5 /* Base */ = {isa = PBXFileReference; lastKnownFileType = file.storyboard; name = Base; path = Base.lproj/Main.storyboard; sourceTree = "<group>"; };
		B11ECA402020B7E40021D2E5 /* Assets.xcassets */ = {isa = PBXFileReference; lastKnownFileType = folder.assetcatalog; path = Assets.xcassets; sourceTree = "<group>"; };
		B11ECA432020B7E40021D2E5 /* Base */ = {isa = PBXFileReference; lastKnownFileType = file.storyboard; name = Base; path = Base.lproj/LaunchScreen.storyboard; sourceTree = "<group>"; };
		B11ECA452020B7E40021D2E5 /* Info.plist */ = {isa = PBXFileReference; lastKnownFileType = text.plist.xml; path = Info.plist; sourceTree = "<group>"; };
		B11ECA4C2020B8FB0021D2E5 /* ImageViewController.swift */ = {isa = PBXFileReference; lastKnownFileType = sourcecode.swift; path = ImageViewController.swift; sourceTree = "<group>"; };
		B11ECA4E2020CECB0021D2E5 /* DemoURLs.swift */ = {isa = PBXFileReference; fileEncoding = 4; lastKnownFileType = sourcecode.swift; path = DemoURLs.swift; sourceTree = "<group>"; };
		B11ECA502020F8840021D2E5 /* CassiniViewController.swift */ = {isa = PBXFileReference; lastKnownFileType = sourcecode.swift; path = CassiniViewController.swift; sourceTree = "<group>"; };
/* End PBXFileReference section */

/* Begin PBXFrameworksBuildPhase section */
		B11ECA332020B7E40021D2E5 /* Frameworks */ = {
			isa = PBXFrameworksBuildPhase;
			buildActionMask = 2147483647;
			files = (
			);
			runOnlyForDeploymentPostprocessing = 0;
		};
/* End PBXFrameworksBuildPhase section */

/* Begin PBXGroup section */
		B11ECA2D2020B7E40021D2E5 = {
			isa = PBXGroup;
			children = (
				B11ECA382020B7E40021D2E5 /* Cassini-11-2017 */,
				B11ECA372020B7E40021D2E5 /* Products */,
			);
			sourceTree = "<group>";
		};
		B11ECA372020B7E40021D2E5 /* Products */ = {
			isa = PBXGroup;
			children = (
				B11ECA362020B7E40021D2E5 /* Cassini-11-2017.app */,
			);
			name = Products;
			sourceTree = "<group>";
		};
		B11ECA382020B7E40021D2E5 /* Cassini-11-2017 */ = {
			isa = PBXGroup;
			children = (
				B11ECA4C2020B8FB0021D2E5 /* ImageViewController.swift */,
				B11ECA3D2020B7E40021D2E5 /* Main.storyboard */,
				B11ECA502020F8840021D2E5 /* CassiniViewController.swift */,
				B11ECA4E2020CECB0021D2E5 /* DemoURLs.swift */,
				B11ECA4B2020B81B0021D2E5 /* Supporting Files */,
				B11ECA452020B7E40021D2E5 /* Info.plist */,
			);
			path = "Cassini-11-2017";
			sourceTree = "<group>";
		};
		B11ECA4B2020B81B0021D2E5 /* Supporting Files */ = {
			isa = PBXGroup;
			children = (
				B11ECA392020B7E40021D2E5 /* AppDelegate.swift */,
				B11ECA402020B7E40021D2E5 /* Assets.xcassets */,
				B11ECA422020B7E40021D2E5 /* LaunchScreen.storyboard */,
			);
			path = "Supporting Files";
			sourceTree = "<group>";
		};
/* End PBXGroup section */

/* Begin PBXNativeTarget section */
		B11ECA352020B7E40021D2E5 /* Cassini-11-2017 */ = {
			isa = PBXNativeTarget;
			buildConfigurationList = B11ECA482020B7E40021D2E5 /* Build configuration list for PBXNativeTarget "Cassini-11-2017" */;
			buildPhases = (
				B11ECA322020B7E40021D2E5 /* Sources */,
				B11ECA332020B7E40021D2E5 /* Frameworks */,
				B11ECA342020B7E40021D2E5 /* Resources */,
			);
			buildRules = (
			);
			dependencies = (
			);
			name = "Cassini-11-2017";
			productName = "Cassini-11-2017";
			productReference = B11ECA362020B7E40021D2E5 /* Cassini-11-2017.app */;
			productType = "com.apple.product-type.application";
		};
/* End PBXNativeTarget section */

/* Begin PBXProject section */
		B11ECA2E2020B7E40021D2E5 /* Project object */ = {
			isa = PBXProject;
			attributes = {
				LastSwiftUpdateCheck = 0920;
				LastUpgradeCheck = 0920;
				ORGANIZATIONNAME = "H Hugo Falkman";
				TargetAttributes = {
					B11ECA352020B7E40021D2E5 = {
						CreatedOnToolsVersion = 9.2;
						ProvisioningStyle = Automatic;
					};
				};
			};
			buildConfigurationList = B11ECA312020B7E40021D2E5 /* Build configuration list for PBXProject "Cassini-11-2017" */;
			compatibilityVersion = "Xcode 8.0";
			developmentRegion = en;
			hasScannedForEncodings = 0;
			knownRegions = (
				en,
				Base,
			);
			mainGroup = B11ECA2D2020B7E40021D2E5;
			productRefGroup = B11ECA372020B7E40021D2E5 /* Products */;
			projectDirPath = "";
			projectRoot = "";
			targets = (
				B11ECA352020B7E40021D2E5 /* Cassini-11-2017 */,
			);
		};
/* End PBXProject section */

/* Begin PBXResourcesBuildPhase section */
		B11ECA342020B7E40021D2E5 /* Resources */ = {
			isa = PBXResourcesBuildPhase;
			buildActionMask = 2147483647;
			files = (
				B11ECA442020B7E40021D2E5 /* LaunchScreen.storyboard in Resources */,
				B11ECA412020B7E40021D2E5 /* Assets.xcassets in Resources */,
				B11ECA3F2020B7E40021D2E5 /* Main.storyboard in Resources */,
			);
			runOnlyForDeploymentPostprocessing = 0;
		};
/* End PBXResourcesBuildPhase section */

/* Begin PBXSourcesBuildPhase section */
		B11ECA322020B7E40021D2E5 /* Sources */ = {
			isa = PBXSourcesBuildPhase;
			buildActionMask = 2147483647;
			files = (
				B11ECA4D2020B8FB0021D2E5 /* ImageViewController.swift in Sources */,
				B11ECA3A2020B7E40021D2E5 /* AppDelegate.swift in Sources */,
				B11ECA4F2020CECB0021D2E5 /* DemoURLs.swift in Sources */,
				B11ECA512020F8840021D2E5 /* CassiniViewController.swift in Sources */,
			);
			runOnlyForDeploymentPostprocessing = 0;
		};
/* End PBXSourcesBuildPhase section */

/* Begin PBXVariantGroup section */
		B11ECA3D2020B7E40021D2E5 /* Main.storyboard */ = {
			isa = PBXVariantGroup;
			children = (
				B11ECA3E2020B7E40021D2E5 /* Base */,
			);
			name = Main.storyboard;
			sourceTree = "<group>";
		};
		B11ECA422020B7E40021D2E5 /* LaunchScreen.storyboard */ = {
			isa = PBXVariantGroup;
			children = (
				B11ECA432020B7E40021D2E5 /* Base */,
			);
			name = LaunchScreen.storyboard;
			sourceTree = "<group>";
		};
/* End PBXVariantGroup section */

/* Begin XCBuildConfiguration section */
		B11ECA462020B7E40021D2E5 /* Debug */ = {
			isa = XCBuildConfiguration;
			buildSettings = {
				ALWAYS_SEARCH_USER_PATHS = NO;
				CLANG_ANALYZER_NONNULL = YES;
				CLANG_ANALYZER_NUMBER_OBJECT_CONVERSION = YES_AGGRESSIVE;
				CLANG_CXX_LANGUAGE_STANDARD = "gnu++14";
				CLANG_CXX_LIBRARY = "libc++";
				CLANG_ENABLE_MODULES = YES;
				CLANG_ENABLE_OBJC_ARC = YES;
				CLANG_WARN_BLOCK_CAPTURE_AUTORELEASING = YES;
				CLANG_WARN_BOOL_CONVERSION = YES;
				CLANG_WARN_COMMA = YES;
				CLANG_WARN_CONSTANT_CONVERSION = YES;
				CLANG_WARN_DIRECT_OBJC_ISA_USAGE = YES_ERROR;
				CLANG_WARN_DOCUMENTATION_COMMENTS = YES;
				CLANG_WARN_EMPTY_BODY = YES;
				CLANG_WARN_ENUM_CONVERSION = YES;
				CLANG_WARN_INFINITE_RECURSION = YES;
				CLANG_WARN_INT_CONVERSION = YES;
				CLANG_WARN_NON_LITERAL_NULL_CONVERSION = YES;
				CLANG_WARN_OBJC_LITERAL_CONVERSION = YES;
				CLANG_WARN_OBJC_ROOT_CLASS = YES_ERROR;
				CLANG_WARN_RANGE_LOOP_ANALYSIS = YES;
				CLANG_WARN_STRICT_PROTOTYPES = YES;
				CLANG_WARN_SUSPICIOUS_MOVE = YES;
				CLANG_WARN_UNGUARDED_AVAILABILITY = YES_AGGRESSIVE;
				CLANG_WARN_UNREACHABLE_CODE = YES;
				CLANG_WARN__DUPLICATE_METHOD_MATCH = YES;
				CODE_SIGN_IDENTITY = "iPhone Developer";
				COPY_PHASE_STRIP = NO;
				DEBUG_INFORMATION_FORMAT = dwarf;
				ENABLE_STRICT_OBJC_MSGSEND = YES;
				ENABLE_TESTABILITY = YES;
				GCC_C_LANGUAGE_STANDARD = gnu11;
				GCC_DYNAMIC_NO_PIC = NO;
				GCC_NO_COMMON_BLOCKS = YES;
				GCC_OPTIMIZATION_LEVEL = 0;
				GCC_PREPROCESSOR_DEFINITIONS = (
					"DEBUG=1",
					"$(inherited)",
				);
				GCC_WARN_64_TO_32_BIT_CONVERSION = YES;
				GCC_WARN_ABOUT_RETURN_TYPE = YES_ERROR;
				GCC_WARN_UNDECLARED_SELECTOR = YES;
				GCC_WARN_UNINITIALIZED_AUTOS = YES_AGGRESSIVE;
				GCC_WARN_UNUSED_FUNCTION = YES;
				GCC_WARN_UNUSED_VARIABLE = YES;
				IPHONEOS_DEPLOYMENT_TARGET = 11.2;
				MTL_ENABLE_DEBUG_INFO = YES;
				ONLY_ACTIVE_ARCH = YES;
				SDKROOT = iphoneos;
				SWIFT_ACTIVE_COMPILATION_CONDITIONS = DEBUG;
				SWIFT_OPTIMIZATION_LEVEL = "-Onone";
			};
			name = Debug;
		};
		B11ECA472020B7E40021D2E5 /* Release */ = {
			isa = XCBuildConfiguration;
			buildSettings = {
				ALWAYS_SEARCH_USER_PATHS = NO;
				CLANG_ANALYZER_NONNULL = YES;
				CLANG_ANALYZER_NUMBER_OBJECT_CONVERSION = YES_AGGRESSIVE;
				CLANG_CXX_LANGUAGE_STANDARD = "gnu++14";
				CLANG_CXX_LIBRARY = "libc++";
				CLANG_ENABLE_MODULES = YES;
				CLANG_ENABLE_OBJC_ARC = YES;
				CLANG_WARN_BLOCK_CAPTURE_AUTORELEASING = YES;
				CLANG_WARN_BOOL_CONVERSION = YES;
				CLANG_WARN_COMMA = YES;
				CLANG_WARN_CONSTANT_CONVERSION = YES;
				CLANG_WARN_DIRECT_OBJC_ISA_USAGE = YES_ERROR;
				CLANG_WARN_DOCUMENTATION_COMMENTS = YES;
				CLANG_WARN_EMPTY_BODY = YES;
				CLANG_WARN_ENUM_CONVERSION = YES;
				CLANG_WARN_INFINITE_RECURSION = YES;
				CLANG_WARN_INT_CONVERSION = YES;
				CLANG_WARN_NON_LITERAL_NULL_CONVERSION = YES;
				CLANG_WARN_OBJC_LITERAL_CONVERSION = YES;
				CLANG_WARN_OBJC_ROOT_CLASS = YES_ERROR;
				CLANG_WARN_RANGE_LOOP_ANALYSIS = YES;
				CLANG_WARN_STRICT_PROTOTYPES = YES;
				CLANG_WARN_SUSPICIOUS_MOVE = YES;
				CLANG_WARN_UNGUARDED_AVAILABILITY = YES_AGGRESSIVE;
				CLANG_WARN_UNREACHABLE_CODE = YES;
				CLANG_WARN__DUPLICATE_METHOD_MATCH = YES;
				CODE_SIGN_IDENTITY = "iPhone Developer";
				COPY_PHASE_STRIP = NO;
				DEBUG_INFORMATION_FORMAT = "dwarf-with-dsym";
				ENABLE_NS_ASSERTIONS = NO;
				ENABLE_STRICT_OBJC_MSGSEND = YES;
				GCC_C_LANGUAGE_STANDARD = gnu11;
				GCC_NO_COMMON_BLOCKS = YES;
				GCC_WARN_64_TO_32_BIT_CONVERSION = YES;
				GCC_WARN_ABOUT_RETURN_TYPE = YES_ERROR;
				GCC_WARN_UNDECLARED_SELECTOR = YES;
				GCC_WARN_UNINITIALIZED_AUTOS = YES_AGGRESSIVE;
				GCC_WARN_UNUSED_FUNCTION = YES;
				GCC_WARN_UNUSED_VARIABLE = YES;
				IPHONEOS_DEPLOYMENT_TARGET = 11.2;
				MTL_ENABLE_DEBUG_INFO = NO;
				SDKROOT = iphoneos;
				SWIFT_OPTIMIZATION_LEVEL = "-Owholemodule";
				VALIDATE_PRODUCT = YES;
			};
			name = Release;
		};
		B11ECA492020B7E40021D2E5 /* Debug */ = {
			isa = XCBuildConfiguration;
			buildSettings = {
				ASSETCATALOG_COMPILER_APPICON_NAME = AppIcon;
				CODE_SIGN_STYLE = Automatic;
				DEVELOPMENT_TEAM = CAE4XXMP5G;
				INFOPLIST_FILE = "Cassini-11-2017/Info.plist";
				LD_RUNPATH_SEARCH_PATHS = "$(inherited) @executable_path/Frameworks";
				PRODUCT_BUNDLE_IDENTIFIER = "com.hhugofalkman.Cassini-11-2017";
				PRODUCT_NAME = "$(TARGET_NAME)";
				SWIFT_VERSION = 4.0;
				TARGETED_DEVICE_FAMILY = "1,2";
			};
			name = Debug;
		};
		B11ECA4A2020B7E40021D2E5 /* Release */ = {
			isa = XCBuildConfiguration;
			buildSettings = {
				ASSETCATALOG_COMPILER_APPICON_NAME = AppIcon;
				CODE_SIGN_STYLE = Automatic;
				DEVELOPMENT_TEAM = CAE4XXMP5G;
				INFOPLIST_FILE = "Cassini-11-2017/Info.plist";
				LD_RUNPATH_SEARCH_PATHS = "$(inherited) @executable_path/Frameworks";
				PRODUCT_BUNDLE_IDENTIFIER = "com.hhugofalkman.Cassini-11-2017";
				PRODUCT_NAME = "$(TARGET_NAME)";
				SWIFT_VERSION = 4.0;
				TARGETED_DEVICE_FAMILY = "1,2";
			};
			name = Release;
		};
/* End XCBuildConfiguration section */

/* Begin XCConfigurationList section */
		B11ECA312020B7E40021D2E5 /* Build configuration list for PBXProject "Cassini-11-2017" */ = {
			isa = XCConfigurationList;
			buildConfigurations = (
				B11ECA462020B7E40021D2E5 /* Debug */,
				B11ECA472020B7E40021D2E5 /* Release */,
			);
			defaultConfigurationIsVisible = 0;
			defaultConfigurationName = Release;
		};
		B11ECA482020B7E40021D2E5 /* Build configuration list for PBXNativeTarget "Cassini-11-2017" */ = {
			isa = XCConfigurationList;
			buildConfigurations = (
				B11ECA492020B7E40021D2E5 /* Debug */,
				B11ECA4A2020B7E40021D2E5 /* Release */,
			);
			defaultConfigurationIsVisible = 0;
			defaultConfigurationName = Release;
		};
/* End XCConfigurationList section */
	};
	rootObject = B11ECA2E2020B7E40021D2E5 /* Project object */;
}
